github.com/emersion/go-vcard v0.0.0-20241024213814-c9703dde27ff h1:4N8wnS3f1hNHSmFD5zgFkWCyA4L1kCDkImPAtK7D6tg=
github.com/emersion/go-vcard v0.0.0-20241024213814-c9703dde27ff/go.mod h1:HMJKR5wlh/ziNp+sHEDV2ltblO4JD2+IdDOWtGcQBTM=
github.com/lukechampine/nock v0.0.0-20200703235947-05b9fae14d60 h1:a3ozllGJrERvOd9lnrkt01FPYtpo7RUngK9Y5feil1Y=
github.com/lukechampine/nock v0.0.0-20200703235947-05b9fae14d60/go.mod h1:YGnAUDP0YOxDHLsmF1nx40dNQ1Ys2f8X5WdZ9xjYkf0=
